
Microsoft Visual Studio Solution File, Format Version 12.00
# Visual Studio Version 17
VisualStudioVersion = 17.13.35931.197 d17.13
MinimumVisualStudioVersion = 10.0.40219.1
Project("{FAE04EC0-301F-11D3-BF4B-00C04F79EFBC}") = "LeetBot", "LeetBot.csproj", "{8D5BE489-B40D-4B67-872A-BDF21DCA0D61}"
EndProject
Global
	GlobalSection(SolutionConfigurationPlatforms) = preSolution
		Debug|Any CPU = Debug|Any CPU
		Release|Any CPU = Release|Any CPU
	EndGlobalSection
	GlobalSection(ProjectConfigurationPlatforms) = postSolution
		{8D5BE489-B40D-4B67-872A-BDF21DCA0D61}.Debug|Any CPU.ActiveCfg = Debug|Any CPU
		{8D5BE489-B40D-4B67-872A-BDF21DCA0D61}.Debug|Any CPU.Build.0 = Debug|Any CPU
		{8D5BE489-B40D-4B67-872A-BDF21DCA0D61}.Release|Any CPU.ActiveCfg = Release|Any CPU
		{8D5BE489-B40D-4B67-872A-BDF21DCA0D61}.Release|Any CPU.Build.0 = Release|Any CPU
	EndGlobalSection
	GlobalSection(SolutionProperties) = preSolution
		HideSolutionNode = FALSE
	EndGlobalSection
	GlobalSection(ExtensibilityGlobals) = postSolution
		SolutionGuid = {94769C2A-E1B8-467E-80DF-A532423489CD}
	EndGlobalSection
EndGlobal
